
Microsoft Visual Studio Solution File, Format Version 12.00
# Visual Studio 14
VisualStudioVersion = 14.0.25420.1
MinimumVisualStudioVersion = 10.0.40219.1
Project("{D954291E-2A0B-460D-934E-DC6B0785DB48}") = "App4.teste", "App4.teste\App4.teste\App4.teste.shproj", "{30CC7548-D75C-4FF5-98F5-D06CBE5DB8AD}"
EndProject
Project("{FAE04EC0-301F-11D3-BF4B-00C04F79EFBC}") = "App4.teste.Android", "App4.teste\App4.teste.Android\App4.teste.Android.csproj", "{71A3DC0E-A61D-44AA-88CF-169C98811F78}"
EndProject
Project("{FAE04EC0-301F-11D3-BF4B-00C04F79EFBC}") = "App4.teste.iOS", "App4.teste\App4.teste.iOS\App4.teste.iOS.csproj", "{6070044F-60D6-4A82-A7DF-E36B9ADB97B5}"
EndProject
Global
	GlobalSection(SharedMSBuildProjectFiles) = preSolution
		App4.teste\App4.teste\App4.teste.projitems*{30cc7548-d75c-4ff5-98f5-d06cbe5db8ad}*SharedItemsImports = 13
		App4.teste\App4.teste\App4.teste.projitems*{6070044f-60d6-4a82-a7df-e36b9adb97b5}*SharedItemsImports = 4
		App4.teste\App4.teste\App4.teste.projitems*{71a3dc0e-a61d-44aa-88cf-169c98811f78}*SharedItemsImports = 4
	EndGlobalSection
	GlobalSection(SolutionConfigurationPlatforms) = preSolution
		Ad-Hoc|Any CPU = Ad-Hoc|Any CPU
		Ad-Hoc|iPhone = Ad-Hoc|iPhone
		Ad-Hoc|iPhoneSimulator = Ad-Hoc|iPhoneSimulator
		AppStore|Any CPU = AppStore|Any CPU
		AppStore|iPhone = AppStore|iPhone
		AppStore|iPhoneSimulator = AppStore|iPhoneSimulator
		Debug|Any CPU = Debug|Any CPU
		Debug|iPhone = Debug|iPhone
		Debug|iPhoneSimulator = Debug|iPhoneSimulator
		Release|Any CPU = Release|Any CPU
		Release|iPhone = Release|iPhone
		Release|iPhoneSimulator = Release|iPhoneSimulator
	EndGlobalSection
	GlobalSection(ProjectConfigurationPlatforms) = postSolution
		{71A3DC0E-A61D-44AA-88CF-169C98811F78}.Ad-Hoc|Any CPU.ActiveCfg = Release|Any CPU
		{71A3DC0E-A61D-44AA-88CF-169C98811F78}.Ad-Hoc|Any CPU.Build.0 = Release|Any CPU
		{71A3DC0E-A61D-44AA-88CF-169C98811F78}.Ad-Hoc|Any CPU.Deploy.0 = Release|Any CPU
		{71A3DC0E-A61D-44AA-88CF-169C98811F78}.Ad-Hoc|iPhone.ActiveCfg = Release|Any CPU
		{71A3DC0E-A61D-44AA-88CF-169C98811F78}.Ad-Hoc|iPhone.Build.0 = Release|Any CPU
		{71A3DC0E-A61D-44AA-88CF-169C98811F78}.Ad-Hoc|iPhone.Deploy.0 = Release|Any CPU
		{71A3DC0E-A61D-44AA-88CF-169C98811F78}.Ad-Hoc|iPhoneSimulator.ActiveCfg = Release|Any CPU
		{71A3DC0E-A61D-44AA-88CF-169C98811F78}.Ad-Hoc|iPhoneSimulator.Build.0 = Release|Any CPU
		{71A3DC0E-A61D-44AA-88CF-169C98811F78}.Ad-Hoc|iPhoneSimulator.Deploy.0 = Release|Any CPU
		{71A3DC0E-A61D-44AA-88CF-169C98811F78}.AppStore|Any CPU.ActiveCfg = Release|Any CPU
		{71A3DC0E-A61D-44AA-88CF-169C98811F78}.AppStore|Any CPU.Build.0 = Release|Any CPU
		{71A3DC0E-A61D-44AA-88CF-169C98811F78}.AppStore|Any CPU.Deploy.0 = Release|Any CPU
		{71A3DC0E-A61D-44AA-88CF-169C98811F78}.AppStore|iPhone.ActiveCfg = Release|Any CPU
		{71A3DC0E-A61D-44AA-88CF-169C98811F78}.AppStore|iPhone.Build.0 = Release|Any CPU
		{71A3DC0E-A61D-44AA-88CF-169C98811F78}.AppStore|iPhone.Deploy.0 = Release|Any CPU
		{71A3DC0E-A61D-44AA-88CF-169C98811F78}.AppStore|iPhoneSimulator.ActiveCfg = Release|Any CPU
		{71A3DC0E-A61D-44AA-88CF-169C98811F78}.AppStore|iPhoneSimulator.Build.0 = Release|Any CPU
		{71A3DC0E-A61D-44AA-88CF-169C98811F78}.AppStore|iPhoneSimulator.Deploy.0 = Release|Any CPU
		{71A3DC0E-A61D-44AA-88CF-169C98811F78}.Debug|Any CPU.ActiveCfg = Debug|Any CPU
		{71A3DC0E-A61D-44AA-88CF-169C98811F78}.Debug|Any CPU.Build.0 = Debug|Any CPU
		{71A3DC0E-A61D-44AA-88CF-169C98811F78}.Debug|Any CPU.Deploy.0 = Debug|Any CPU
		{71A3DC0E-A61D-44AA-88CF-169C98811F78}.Debug|iPhone.ActiveCfg = Debug|Any CPU
		{71A3DC0E-A61D-44AA-88CF-169C98811F78}.Debug|iPhone.Build.0 = Debug|Any CPU
		{71A3DC0E-A61D-44AA-88CF-169C98811F78}.Debug|iPhone.Deploy.0 = Debug|Any CPU
		{71A3DC0E-A61D-44AA-88CF-169C98811F78}.Debug|iPhoneSimulator.ActiveCfg = Debug|Any CPU
		{71A3DC0E-A61D-44AA-88CF-169C98811F78}.Debug|iPhoneSimulator.Build.0 = Debug|Any CPU
		{71A3DC0E-A61D-44AA-88CF-169C98811F78}.Debug|iPhoneSimulator.Deploy.0 = Debug|Any CPU
		{71A3DC0E-A61D-44AA-88CF-169C98811F78}.Release|Any CPU.ActiveCfg = Release|Any CPU
		{71A3DC0E-A61D-44AA-88CF-169C98811F78}.Release|Any CPU.Build.0 = Release|Any CPU
		{71A3DC0E-A61D-44AA-88CF-169C98811F78}.Release|Any CPU.Deploy.0 = Release|Any CPU
		{71A3DC0E-A61D-44AA-88CF-169C98811F78}.Release|iPhone.ActiveCfg = Release|Any CPU
		{71A3DC0E-A61D-44AA-88CF-169C98811F78}.Release|iPhone.Build.0 = Release|Any CPU
		{71A3DC0E-A61D-44AA-88CF-169C98811F78}.Release|iPhone.Deploy.0 = Release|Any CPU
		{71A3DC0E-A61D-44AA-88CF-169C98811F78}.Release|iPhoneSimulator.ActiveCfg = Release|Any CPU
		{71A3DC0E-A61D-44AA-88CF-169C98811F78}.Release|iPhoneSimulator.Build.0 = Release|Any CPU
		{71A3DC0E-A61D-44AA-88CF-169C98811F78}.Release|iPhoneSimulator.Deploy.0 = Release|Any CPU
		{6070044F-60D6-4A82-A7DF-E36B9ADB97B5}.Ad-Hoc|Any CPU.ActiveCfg = Ad-Hoc|iPhone
		{6070044F-60D6-4A82-A7DF-E36B9ADB97B5}.Ad-Hoc|iPhone.ActiveCfg = Ad-Hoc|iPhone
		{6070044F-60D6-4A82-A7DF-E36B9ADB97B5}.Ad-Hoc|iPhone.Build.0 = Ad-Hoc|iPhone
		{6070044F-60D6-4A82-A7DF-E36B9ADB97B5}.Ad-Hoc|iPhoneSimulator.ActiveCfg = Ad-Hoc|iPhoneSimulator
		{6070044F-60D6-4A82-A7DF-E36B9ADB97B5}.Ad-Hoc|iPhoneSimulator.Build.0 = Ad-Hoc|iPhoneSimulator
		{6070044F-60D6-4A82-A7DF-E36B9ADB97B5}.AppStore|Any CPU.ActiveCfg = AppStore|iPhone
		{6070044F-60D6-4A82-A7DF-E36B9ADB97B5}.AppStore|iPhone.ActiveCfg = AppStore|iPhone
		{6070044F-60D6-4A82-A7DF-E36B9ADB97B5}.AppStore|iPhone.Build.0 = AppStore|iPhone
		{6070044F-60D6-4A82-A7DF-E36B9ADB97B5}.AppStore|iPhoneSimulator.ActiveCfg = AppStore|iPhoneSimulator
		{6070044F-60D6-4A82-A7DF-E36B9ADB97B5}.AppStore|iPhoneSimulator.Build.0 = AppStore|iPhoneSimulator
		{6070044F-60D6-4A82-A7DF-E36B9ADB97B5}.Debug|Any CPU.ActiveCfg = Debug|iPhone
		{6070044F-60D6-4A82-A7DF-E36B9ADB97B5}.Debug|iPhone.ActiveCfg = Debug|iPhone
		{6070044F-60D6-4A82-A7DF-E36B9ADB97B5}.Debug|iPhone.Build.0 = Debug|iPhone
		{6070044F-60D6-4A82-A7DF-E36B9ADB97B5}.Debug|iPhoneSimulator.ActiveCfg = Debug|iPhoneSimulator
		{6070044F-60D6-4A82-A7DF-E36B9ADB97B5}.Debug|iPhoneSimulator.Build.0 = Debug|iPhoneSimulator
		{6070044F-60D6-4A82-A7DF-E36B9ADB97B5}.Release|Any CPU.ActiveCfg = Release|iPhone
		{6070044F-60D6-4A82-A7DF-E36B9ADB97B5}.Release|iPhone.ActiveCfg = Release|iPhone
		{6070044F-60D6-4A82-A7DF-E36B9ADB97B5}.Release|iPhone.Build.0 = Release|iPhone
		{6070044F-60D6-4A82-A7DF-E36B9ADB97B5}.Release|iPhoneSimulator.ActiveCfg = Release|iPhoneSimulator
		{6070044F-60D6-4A82-A7DF-E36B9ADB97B5}.Release|iPhoneSimulator.Build.0 = Release|iPhoneSimulator
	EndGlobalSection
	GlobalSection(SolutionProperties) = preSolution
		HideSolutionNode = FALSE
	EndGlobalSection
EndGlobal
